
Microsoft Visual Studio Solution File, Format Version 12.00
# Visual Studio 14
VisualStudioVersion = 14.0.24720.0
MinimumVisualStudioVersion = 10.0.40219.1
Project("{FAE04EC0-301F-11D3-BF4B-00C04F79EFBC}") = "Hs.PinXCheck.Shell", "src\Hs.PinXCheck.Shell\Hs.PinXCheck.Shell.csproj", "{99C9E82C-C594-446D-AA59-8FFBC43AD226}"
EndProject
Project("{2150E333-8FDC-42A3-9474-1A3956D46DE8}") = "Modules", "Modules", "{94D4980D-3423-44A8-83AD-80150D7874BE}"
EndProject
Project("{FAE04EC0-301F-11D3-BF4B-00C04F79EFBC}") = "Hs.PinXCheck.Database.View", "src\Modules\Hs.PinXCheck.DatabaseEdit\Hs.PinXCheck.Database.View.csproj", "{AB8B448C-DD74-4D60-A041-3E5D03A32180}"
EndProject
Project("{FAE04EC0-301F-11D3-BF4B-00C04F79EFBC}") = "Hs.PinXCheck.Base", "src\Hs.PinXCheck.Base\Hs.PinXCheck.Base.csproj", "{513D9B41-BCE7-42D6-921F-F263A50F1D5A}"
EndProject
Project("{2150E333-8FDC-42A3-9474-1A3956D46DE8}") = "DataModels", "DataModels", "{FC14F5DD-95FA-43FD-BA3A-A75DEB50997A}"
EndProject
Project("{FAE04EC0-301F-11D3-BF4B-00C04F79EFBC}") = "Hs.VirtualPin.Database", "src\DataModels\Hs.VirtualPin.Database\Hs.VirtualPin.Database.csproj", "{B6B41491-C052-4A98-B915-CE90453FEBF4}"
EndProject
Project("{FAE04EC0-301F-11D3-BF4B-00C04F79EFBC}") = "Hs.PinXCheck.UnusedTables", "src\Modules\Hs.PinXCheck.UnusedTables\Hs.PinXCheck.UnusedTables.csproj", "{B68D0B64-39D9-4F79-9E3C-D4CECD754424}"
EndProject
Project("{FAE04EC0-301F-11D3-BF4B-00C04F79EFBC}") = "Hs.PinXCheck.DescriptionMatch", "src\Modules\Hs.PinXCheck.DescriptionMatch\Hs.PinXCheck.DescriptionMatch.csproj", "{53583402-F868-4195-882E-EB830A67DBFC}"
EndProject
Project("{FAE04EC0-301F-11D3-BF4B-00C04F79EFBC}") = "Hs.PinXCheck.Database.Pane", "src\Modules\Hs.PinXCheck.DatabaseOption\Hs.PinXCheck.Database.Pane.csproj", "{9ABF5E9F-949F-426A-9E85-6361C99AF656}"
EndProject
Project("{FAE04EC0-301F-11D3-BF4B-00C04F79EFBC}") = "Hs.PinXCheck.Database.Editing", "src\Modules\Hs.PinXCheck.Database.Editing\Hs.PinXCheck.Database.Editing.csproj", "{ED67DD83-0DA1-4823-8F56-65E927CF0EED}"
EndProject
Project("{FAE04EC0-301F-11D3-BF4B-00C04F79EFBC}") = "Hs.PinXCheck.Services", "src\Modules\Hs.PinXCheck.Services\Hs.PinXCheck.Services.csproj", "{25A66B0B-8C46-485C-97AD-CC4CD56D0FCC}"
EndProject
Project("{FAE04EC0-301F-11D3-BF4B-00C04F79EFBC}") = "Hs.PinballX", "src\DataModels\Hs.PinballX\Hs.PinballX.csproj", "{A60D83B7-E0A0-4CAF-9B2B-FC82341D17FF}"
EndProject
Project("{FAE04EC0-301F-11D3-BF4B-00C04F79EFBC}") = "Hs.PinXCheck.ServicesPinballXConfigTests", "Hs.PinXCheck.ServicesPinballXConfigTests\Hs.PinXCheck.ServicesPinballXConfigTests.csproj", "{34B28409-6E93-4861-8002-A19AB777B9A5}"
EndProject
Project("{FAE04EC0-301F-11D3-BF4B-00C04F79EFBC}") = "Hs.PinXCheck.Setting", "src\DataModels\Hs.PinXCheck.Setting\Hs.PinXCheck.Setting.csproj", "{3473A1CA-392F-4C08-9D55-AED0EF7692AF}"
EndProject
Project("{FAE04EC0-301F-11D3-BF4B-00C04F79EFBC}") = "Hs.PinXCheck.NavBarModule", "src\Modules\Hs.PinXCheck.NavBarModule\Hs.PinXCheck.NavBarModule.csproj", "{91848113-1615-401C-89DB-D1EFCA412EEF}"
EndProject
Project("{FAE04EC0-301F-11D3-BF4B-00C04F79EFBC}") = "Hs.PinXCheck.Settings", "src\Modules\Hs.PinXCheck.Settings\Hs.PinXCheck.Settings.csproj", "{31A87DBB-6B73-4AA5-AE9B-B0C05A43DFE3}"
EndProject
Project("{FAE04EC0-301F-11D3-BF4B-00C04F79EFBC}") = "Hs.PinXCheck.SystemViewer", "src\Modules\Hs.PinXCheck.SystemViewer\Hs.PinXCheck.SystemViewer.csproj", "{F68FC934-7730-472D-8D7A-888112B23DD2}"
EndProject
Project("{2150E333-8FDC-42A3-9474-1A3956D46DE8}") = "Tests", "Tests", "{6E9C3464-0E79-4029-A514-BBB002636AC1}"
EndProject
Project("{2150E333-8FDC-42A3-9474-1A3956D46DE8}") = "Services", "Services", "{82A68D33-EA3E-442A-8416-1956D485CB51}"
EndProject
Project("{FAE04EC0-301F-11D3-BF4B-00C04F79EFBC}") = "Hs.Services.VisualPinball", "src\Services\Hs.Services.VisualPinball\Hs.Services.VisualPinball.csproj", "{62B7E5CE-FEAD-4AF7-86CC-BC1823F47D86}"
EndProject
Project("{FAE04EC0-301F-11D3-BF4B-00C04F79EFBC}") = "Hs.PinXCheck.Media.Pane", "src\Modules\Hs.PinXCheck.Media.Pane\Hs.PinXCheck.Media.Pane.csproj", "{7730D0A7-5771-4027-A026-D50BFA62E043}"
EndProject
Global
	GlobalSection(SolutionConfigurationPlatforms) = preSolution
		Debug|Any CPU = Debug|Any CPU
		Release|Any CPU = Release|Any CPU
	EndGlobalSection
	GlobalSection(ProjectConfigurationPlatforms) = postSolution
		{99C9E82C-C594-446D-AA59-8FFBC43AD226}.Debug|Any CPU.ActiveCfg = Debug|Any CPU
		{99C9E82C-C594-446D-AA59-8FFBC43AD226}.Debug|Any CPU.Build.0 = Debug|Any CPU
		{99C9E82C-C594-446D-AA59-8FFBC43AD226}.Release|Any CPU.ActiveCfg = Release|Any CPU
		{99C9E82C-C594-446D-AA59-8FFBC43AD226}.Release|Any CPU.Build.0 = Release|Any CPU
		{AB8B448C-DD74-4D60-A041-3E5D03A32180}.Debug|Any CPU.ActiveCfg = Debug|Any CPU
		{AB8B448C-DD74-4D60-A041-3E5D03A32180}.Debug|Any CPU.Build.0 = Debug|Any CPU
		{AB8B448C-DD74-4D60-A041-3E5D03A32180}.Release|Any CPU.ActiveCfg = Release|Any CPU
		{AB8B448C-DD74-4D60-A041-3E5D03A32180}.Release|Any CPU.Build.0 = Release|Any CPU
		{513D9B41-BCE7-42D6-921F-F263A50F1D5A}.Debug|Any CPU.ActiveCfg = Debug|Any CPU
		{513D9B41-BCE7-42D6-921F-F263A50F1D5A}.Debug|Any CPU.Build.0 = Debug|Any CPU
		{513D9B41-BCE7-42D6-921F-F263A50F1D5A}.Release|Any CPU.ActiveCfg = Release|Any CPU
		{513D9B41-BCE7-42D6-921F-F263A50F1D5A}.Release|Any CPU.Build.0 = Release|Any CPU
		{B6B41491-C052-4A98-B915-CE90453FEBF4}.Debug|Any CPU.ActiveCfg = Debug|Any CPU
		{B6B41491-C052-4A98-B915-CE90453FEBF4}.Debug|Any CPU.Build.0 = Debug|Any CPU
		{B6B41491-C052-4A98-B915-CE90453FEBF4}.Release|Any CPU.ActiveCfg = Release|Any CPU
		{B6B41491-C052-4A98-B915-CE90453FEBF4}.Release|Any CPU.Build.0 = Release|Any CPU
		{B68D0B64-39D9-4F79-9E3C-D4CECD754424}.Debug|Any CPU.ActiveCfg = Debug|Any CPU
		{B68D0B64-39D9-4F79-9E3C-D4CECD754424}.Debug|Any CPU.Build.0 = Debug|Any CPU
		{B68D0B64-39D9-4F79-9E3C-D4CECD754424}.Release|Any CPU.ActiveCfg = Release|Any CPU
		{B68D0B64-39D9-4F79-9E3C-D4CECD754424}.Release|Any CPU.Build.0 = Release|Any CPU
		{53583402-F868-4195-882E-EB830A67DBFC}.Debug|Any CPU.ActiveCfg = Debug|Any CPU
		{53583402-F868-4195-882E-EB830A67DBFC}.Debug|Any CPU.Build.0 = Debug|Any CPU
		{53583402-F868-4195-882E-EB830A67DBFC}.Release|Any CPU.ActiveCfg = Release|Any CPU
		{53583402-F868-4195-882E-EB830A67DBFC}.Release|Any CPU.Build.0 = Release|Any CPU
		{9ABF5E9F-949F-426A-9E85-6361C99AF656}.Debug|Any CPU.ActiveCfg = Debug|Any CPU
		{9ABF5E9F-949F-426A-9E85-6361C99AF656}.Debug|Any CPU.Build.0 = Debug|Any CPU
		{9ABF5E9F-949F-426A-9E85-6361C99AF656}.Release|Any CPU.ActiveCfg = Release|Any CPU
		{9ABF5E9F-949F-426A-9E85-6361C99AF656}.Release|Any CPU.Build.0 = Release|Any CPU
		{ED67DD83-0DA1-4823-8F56-65E927CF0EED}.Debug|Any CPU.ActiveCfg = Debug|Any CPU
		{ED67DD83-0DA1-4823-8F56-65E927CF0EED}.Debug|Any CPU.Build.0 = Debug|Any CPU
		{ED67DD83-0DA1-4823-8F56-65E927CF0EED}.Release|Any CPU.ActiveCfg = Release|Any CPU
		{ED67DD83-0DA1-4823-8F56-65E927CF0EED}.Release|Any CPU.Build.0 = Release|Any CPU
		{25A66B0B-8C46-485C-97AD-CC4CD56D0FCC}.Debug|Any CPU.ActiveCfg = Debug|Any CPU
		{25A66B0B-8C46-485C-97AD-CC4CD56D0FCC}.Debug|Any CPU.Build.0 = Debug|Any CPU
		{25A66B0B-8C46-485C-97AD-CC4CD56D0FCC}.Release|Any CPU.ActiveCfg = Release|Any CPU
		{25A66B0B-8C46-485C-97AD-CC4CD56D0FCC}.Release|Any CPU.Build.0 = Release|Any CPU
		{A60D83B7-E0A0-4CAF-9B2B-FC82341D17FF}.Debug|Any CPU.ActiveCfg = Debug|Any CPU
		{A60D83B7-E0A0-4CAF-9B2B-FC82341D17FF}.Debug|Any CPU.Build.0 = Debug|Any CPU
		{A60D83B7-E0A0-4CAF-9B2B-FC82341D17FF}.Release|Any CPU.ActiveCfg = Release|Any CPU
		{A60D83B7-E0A0-4CAF-9B2B-FC82341D17FF}.Release|Any CPU.Build.0 = Release|Any CPU
		{34B28409-6E93-4861-8002-A19AB777B9A5}.Debug|Any CPU.ActiveCfg = Debug|Any CPU
		{34B28409-6E93-4861-8002-A19AB777B9A5}.Debug|Any CPU.Build.0 = Debug|Any CPU
		{34B28409-6E93-4861-8002-A19AB777B9A5}.Release|Any CPU.ActiveCfg = Release|Any CPU
		{34B28409-6E93-4861-8002-A19AB777B9A5}.Release|Any CPU.Build.0 = Release|Any CPU
		{3473A1CA-392F-4C08-9D55-AED0EF7692AF}.Debug|Any CPU.ActiveCfg = Debug|Any CPU
		{3473A1CA-392F-4C08-9D55-AED0EF7692AF}.Debug|Any CPU.Build.0 = Debug|Any CPU
		{3473A1CA-392F-4C08-9D55-AED0EF7692AF}.Release|Any CPU.ActiveCfg = Release|Any CPU
		{3473A1CA-392F-4C08-9D55-AED0EF7692AF}.Release|Any CPU.Build.0 = Release|Any CPU
		{91848113-1615-401C-89DB-D1EFCA412EEF}.Debug|Any CPU.ActiveCfg = Debug|Any CPU
		{91848113-1615-401C-89DB-D1EFCA412EEF}.Debug|Any CPU.Build.0 = Debug|Any CPU
		{91848113-1615-401C-89DB-D1EFCA412EEF}.Release|Any CPU.ActiveCfg = Release|Any CPU
		{91848113-1615-401C-89DB-D1EFCA412EEF}.Release|Any CPU.Build.0 = Release|Any CPU
		{31A87DBB-6B73-4AA5-AE9B-B0C05A43DFE3}.Debug|Any CPU.ActiveCfg = Debug|Any CPU
		{31A87DBB-6B73-4AA5-AE9B-B0C05A43DFE3}.Debug|Any CPU.Build.0 = Debug|Any CPU
		{31A87DBB-6B73-4AA5-AE9B-B0C05A43DFE3}.Release|Any CPU.ActiveCfg = Release|Any CPU
		{31A87DBB-6B73-4AA5-AE9B-B0C05A43DFE3}.Release|Any CPU.Build.0 = Release|Any CPU
		{F68FC934-7730-472D-8D7A-888112B23DD2}.Debug|Any CPU.ActiveCfg = Debug|Any CPU
		{F68FC934-7730-472D-8D7A-888112B23DD2}.Debug|Any CPU.Build.0 = Debug|Any CPU
		{F68FC934-7730-472D-8D7A-888112B23DD2}.Release|Any CPU.ActiveCfg = Release|Any CPU
		{F68FC934-7730-472D-8D7A-888112B23DD2}.Release|Any CPU.Build.0 = Release|Any CPU
		{62B7E5CE-FEAD-4AF7-86CC-BC1823F47D86}.Debug|Any CPU.ActiveCfg = Debug|Any CPU
		{62B7E5CE-FEAD-4AF7-86CC-BC1823F47D86}.Debug|Any CPU.Build.0 = Debug|Any CPU
		{62B7E5CE-FEAD-4AF7-86CC-BC1823F47D86}.Release|Any CPU.ActiveCfg = Release|Any CPU
		{62B7E5CE-FEAD-4AF7-86CC-BC1823F47D86}.Release|Any CPU.Build.0 = Release|Any CPU
		{7730D0A7-5771-4027-A026-D50BFA62E043}.Debug|Any CPU.ActiveCfg = Debug|Any CPU
		{7730D0A7-5771-4027-A026-D50BFA62E043}.Debug|Any CPU.Build.0 = Debug|Any CPU
		{7730D0A7-5771-4027-A026-D50BFA62E043}.Release|Any CPU.ActiveCfg = Release|Any CPU
		{7730D0A7-5771-4027-A026-D50BFA62E043}.Release|Any CPU.Build.0 = Release|Any CPU
	EndGlobalSection
	GlobalSection(SolutionProperties) = preSolution
		HideSolutionNode = FALSE
	EndGlobalSection
	GlobalSection(NestedProjects) = preSolution
		{AB8B448C-DD74-4D60-A041-3E5D03A32180} = {94D4980D-3423-44A8-83AD-80150D7874BE}
		{B6B41491-C052-4A98-B915-CE90453FEBF4} = {FC14F5DD-95FA-43FD-BA3A-A75DEB50997A}
		{B68D0B64-39D9-4F79-9E3C-D4CECD754424} = {94D4980D-3423-44A8-83AD-80150D7874BE}
		{53583402-F868-4195-882E-EB830A67DBFC} = {94D4980D-3423-44A8-83AD-80150D7874BE}
		{9ABF5E9F-949F-426A-9E85-6361C99AF656} = {94D4980D-3423-44A8-83AD-80150D7874BE}
		{ED67DD83-0DA1-4823-8F56-65E927CF0EED} = {94D4980D-3423-44A8-83AD-80150D7874BE}
		{25A66B0B-8C46-485C-97AD-CC4CD56D0FCC} = {94D4980D-3423-44A8-83AD-80150D7874BE}
		{A60D83B7-E0A0-4CAF-9B2B-FC82341D17FF} = {FC14F5DD-95FA-43FD-BA3A-A75DEB50997A}
		{34B28409-6E93-4861-8002-A19AB777B9A5} = {6E9C3464-0E79-4029-A514-BBB002636AC1}
		{3473A1CA-392F-4C08-9D55-AED0EF7692AF} = {FC14F5DD-95FA-43FD-BA3A-A75DEB50997A}
		{91848113-1615-401C-89DB-D1EFCA412EEF} = {94D4980D-3423-44A8-83AD-80150D7874BE}
		{31A87DBB-6B73-4AA5-AE9B-B0C05A43DFE3} = {94D4980D-3423-44A8-83AD-80150D7874BE}
		{F68FC934-7730-472D-8D7A-888112B23DD2} = {94D4980D-3423-44A8-83AD-80150D7874BE}
		{62B7E5CE-FEAD-4AF7-86CC-BC1823F47D86} = {82A68D33-EA3E-442A-8416-1956D485CB51}
		{7730D0A7-5771-4027-A026-D50BFA62E043} = {94D4980D-3423-44A8-83AD-80150D7874BE}
	EndGlobalSection
EndGlobal
