
Microsoft Visual Studio Solution File, Format Version 12.00
# Visual Studio Version 17
VisualStudioVersion = 17.3.32611.2
MinimumVisualStudioVersion = 10.0.40219.1
Project("{FAE04EC0-301F-11D3-BF4B-00C04F79EFBC}") = "Hs.PinXCheck.Shell", "Hs.PinXCheck.Shell\Hs.PinXCheck.Shell.csproj", "{99C9E82C-C594-446D-AA59-8FFBC43AD226}"
EndProject
Project("{2150E333-8FDC-42A3-9474-1A3956D46DE8}") = "PrismModules", "PrismModules", "{94D4980D-3423-44A8-83AD-80150D7874BE}"
EndProject
Project("{FAE04EC0-301F-11D3-BF4B-00C04F79EFBC}") = "Hs.PinXCheck.Database.View", "Modules\Hs.PinXCheck.DatabaseEdit\Hs.PinXCheck.Database.View.csproj", "{AB8B448C-DD74-4D60-A041-3E5D03A32180}"
EndProject
Project("{FAE04EC0-301F-11D3-BF4B-00C04F79EFBC}") = "Hs.PinXCheck.UnusedTables", "Modules\Hs.PinXCheck.UnusedTables\Hs.PinXCheck.UnusedTables.csproj", "{B68D0B64-39D9-4F79-9E3C-D4CECD754424}"
EndProject
Project("{FAE04EC0-301F-11D3-BF4B-00C04F79EFBC}") = "Hs.PinXCheck.DescriptionMatch", "Modules\Hs.PinXCheck.DescriptionMatch\Hs.PinXCheck.DescriptionMatch.csproj", "{53583402-F868-4195-882E-EB830A67DBFC}"
EndProject
Project("{FAE04EC0-301F-11D3-BF4B-00C04F79EFBC}") = "Hs.PinXCheck.Database.Pane", "Modules\Hs.PinXCheck.DatabaseOption\Hs.PinXCheck.Database.Pane.csproj", "{9ABF5E9F-949F-426A-9E85-6361C99AF656}"
EndProject
Project("{FAE04EC0-301F-11D3-BF4B-00C04F79EFBC}") = "Hs.PinXCheck.Database.Editing", "Modules\Hs.PinXCheck.Database.Editing\Hs.PinXCheck.Database.Editing.csproj", "{ED67DD83-0DA1-4823-8F56-65E927CF0EED}"
EndProject
Project("{FAE04EC0-301F-11D3-BF4B-00C04F79EFBC}") = "Hs.PinXCheck.Services", "Modules\Hs.PinXCheck.Services\Hs.PinXCheck.Services.csproj", "{25A66B0B-8C46-485C-97AD-CC4CD56D0FCC}"
EndProject
Project("{FAE04EC0-301F-11D3-BF4B-00C04F79EFBC}") = "Hs.PinXCheck.NavBarModule", "Modules\Hs.PinXCheck.NavBarModule\Hs.PinXCheck.NavBarModule.csproj", "{91848113-1615-401C-89DB-D1EFCA412EEF}"
EndProject
Project("{FAE04EC0-301F-11D3-BF4B-00C04F79EFBC}") = "Hs.PinXCheck.Settings", "Modules\Hs.PinXCheck.Settings\Hs.PinXCheck.Settings.csproj", "{31A87DBB-6B73-4AA5-AE9B-B0C05A43DFE3}"
EndProject
Project("{FAE04EC0-301F-11D3-BF4B-00C04F79EFBC}") = "Hs.PinXCheck.SystemViewer", "Modules\Hs.PinXCheck.SystemViewer\Hs.PinXCheck.SystemViewer.csproj", "{F68FC934-7730-472D-8D7A-888112B23DD2}"
EndProject
Project("{FAE04EC0-301F-11D3-BF4B-00C04F79EFBC}") = "Hs.PinXCheck.Media.Pane", "Modules\Hs.PinXCheck.Media.Pane\Hs.PinXCheck.Media.Pane.csproj", "{7730D0A7-5771-4027-A026-D50BFA62E043}"
EndProject
Project("{2150E333-8FDC-42A3-9474-1A3956D46DE8}") = "!SubModules", "!SubModules", "{AD78B3ED-D673-47D8-AE4E-63F3C77AAB18}"
EndProject
Project("{FAE04EC0-301F-11D3-BF4B-00C04F79EFBC}") = "Hs.PinXCheck.Resources", "Hs.PinXCheck.Resources\Hs.PinXCheck.Resources.csproj", "{F3605260-5751-42BE-8A38-F003D53045BF}"
EndProject
Project("{2150E333-8FDC-42A3-9474-1A3956D46DE8}") = "Domain", "Domain", "{16F90E38-6C6D-4406-A5E2-E3E1B045844F}"
EndProject
Project("{9A19103F-16F7-4668-BE54-9A1E7A4F7556}") = "Hs.PinXCheck.Domain", "Domain\Hs.PinXCheck.Domain\Hs.PinXCheck.Domain.csproj", "{35F06361-9CA1-438A-8F8E-4123ED9935D6}"
EndProject
Project("{FAE04EC0-301F-11D3-BF4B-00C04F79EFBC}") = "Hs.PinXCheck.Base", "Domain\Hs.PinXCheck.Base\Hs.PinXCheck.Base.csproj", "{513D9B41-BCE7-42D6-921F-F263A50F1D5A}"
EndProject
Project("{FAE04EC0-301F-11D3-BF4B-00C04F79EFBC}") = "Hs.Services.VisualPinball", "Domain\Hs.Services.VisualPinball\Hs.Services.VisualPinball.csproj", "{62B7E5CE-FEAD-4AF7-86CC-BC1823F47D86}"
EndProject
Project("{2150E333-8FDC-42A3-9474-1A3956D46DE8}") = "!Solution Items", "!Solution Items", "{33A60578-3704-4F4C-A00B-05D859AD8B66}"
	ProjectSection(SolutionItems) = preProject
		..\.github\workflows\dotnet.yml = ..\.github\workflows\dotnet.yml
		..\LICENSE = ..\LICENSE
		..\README.md = ..\README.md
	EndProjectSection
EndProject
Project("{9A19103F-16F7-4668-BE54-9A1E7A4F7556}") = "AutoHotkey.Interop", "..\modules\AutoHotkey.Interop\src\AutoHotkey.Interop\AutoHotkey.Interop.csproj", "{700CB712-7B69-4964-8B43-8DE89B233232}"
EndProject
Global
	GlobalSection(SolutionConfigurationPlatforms) = preSolution
		Debug|Any CPU = Debug|Any CPU
		Debug|x64 = Debug|x64
		Release|Any CPU = Release|Any CPU
		Release|x64 = Release|x64
	EndGlobalSection
	GlobalSection(ProjectConfigurationPlatforms) = postSolution
		{99C9E82C-C594-446D-AA59-8FFBC43AD226}.Debug|Any CPU.ActiveCfg = Debug|Any CPU
		{99C9E82C-C594-446D-AA59-8FFBC43AD226}.Debug|Any CPU.Build.0 = Debug|Any CPU
		{99C9E82C-C594-446D-AA59-8FFBC43AD226}.Debug|x64.ActiveCfg = Debug|Any CPU
		{99C9E82C-C594-446D-AA59-8FFBC43AD226}.Debug|x64.Build.0 = Debug|Any CPU
		{99C9E82C-C594-446D-AA59-8FFBC43AD226}.Release|Any CPU.ActiveCfg = Release|Any CPU
		{99C9E82C-C594-446D-AA59-8FFBC43AD226}.Release|Any CPU.Build.0 = Release|Any CPU
		{99C9E82C-C594-446D-AA59-8FFBC43AD226}.Release|x64.ActiveCfg = Release|Any CPU
		{99C9E82C-C594-446D-AA59-8FFBC43AD226}.Release|x64.Build.0 = Release|Any CPU
		{AB8B448C-DD74-4D60-A041-3E5D03A32180}.Debug|Any CPU.ActiveCfg = Debug|Any CPU
		{AB8B448C-DD74-4D60-A041-3E5D03A32180}.Debug|Any CPU.Build.0 = Debug|Any CPU
		{AB8B448C-DD74-4D60-A041-3E5D03A32180}.Debug|x64.ActiveCfg = Debug|Any CPU
		{AB8B448C-DD74-4D60-A041-3E5D03A32180}.Debug|x64.Build.0 = Debug|Any CPU
		{AB8B448C-DD74-4D60-A041-3E5D03A32180}.Release|Any CPU.ActiveCfg = Release|Any CPU
		{AB8B448C-DD74-4D60-A041-3E5D03A32180}.Release|Any CPU.Build.0 = Release|Any CPU
		{AB8B448C-DD74-4D60-A041-3E5D03A32180}.Release|x64.ActiveCfg = Release|Any CPU
		{AB8B448C-DD74-4D60-A041-3E5D03A32180}.Release|x64.Build.0 = Release|Any CPU
		{B68D0B64-39D9-4F79-9E3C-D4CECD754424}.Debug|Any CPU.ActiveCfg = Debug|Any CPU
		{B68D0B64-39D9-4F79-9E3C-D4CECD754424}.Debug|Any CPU.Build.0 = Debug|Any CPU
		{B68D0B64-39D9-4F79-9E3C-D4CECD754424}.Debug|x64.ActiveCfg = Debug|Any CPU
		{B68D0B64-39D9-4F79-9E3C-D4CECD754424}.Debug|x64.Build.0 = Debug|Any CPU
		{B68D0B64-39D9-4F79-9E3C-D4CECD754424}.Release|Any CPU.ActiveCfg = Release|Any CPU
		{B68D0B64-39D9-4F79-9E3C-D4CECD754424}.Release|Any CPU.Build.0 = Release|Any CPU
		{B68D0B64-39D9-4F79-9E3C-D4CECD754424}.Release|x64.ActiveCfg = Release|Any CPU
		{B68D0B64-39D9-4F79-9E3C-D4CECD754424}.Release|x64.Build.0 = Release|Any CPU
		{53583402-F868-4195-882E-EB830A67DBFC}.Debug|Any CPU.ActiveCfg = Debug|Any CPU
		{53583402-F868-4195-882E-EB830A67DBFC}.Debug|Any CPU.Build.0 = Debug|Any CPU
		{53583402-F868-4195-882E-EB830A67DBFC}.Debug|x64.ActiveCfg = Debug|Any CPU
		{53583402-F868-4195-882E-EB830A67DBFC}.Debug|x64.Build.0 = Debug|Any CPU
		{53583402-F868-4195-882E-EB830A67DBFC}.Release|Any CPU.ActiveCfg = Release|Any CPU
		{53583402-F868-4195-882E-EB830A67DBFC}.Release|Any CPU.Build.0 = Release|Any CPU
		{53583402-F868-4195-882E-EB830A67DBFC}.Release|x64.ActiveCfg = Release|Any CPU
		{53583402-F868-4195-882E-EB830A67DBFC}.Release|x64.Build.0 = Release|Any CPU
		{9ABF5E9F-949F-426A-9E85-6361C99AF656}.Debug|Any CPU.ActiveCfg = Debug|Any CPU
		{9ABF5E9F-949F-426A-9E85-6361C99AF656}.Debug|Any CPU.Build.0 = Debug|Any CPU
		{9ABF5E9F-949F-426A-9E85-6361C99AF656}.Debug|x64.ActiveCfg = Debug|Any CPU
		{9ABF5E9F-949F-426A-9E85-6361C99AF656}.Debug|x64.Build.0 = Debug|Any CPU
		{9ABF5E9F-949F-426A-9E85-6361C99AF656}.Release|Any CPU.ActiveCfg = Release|Any CPU
		{9ABF5E9F-949F-426A-9E85-6361C99AF656}.Release|Any CPU.Build.0 = Release|Any CPU
		{9ABF5E9F-949F-426A-9E85-6361C99AF656}.Release|x64.ActiveCfg = Release|Any CPU
		{9ABF5E9F-949F-426A-9E85-6361C99AF656}.Release|x64.Build.0 = Release|Any CPU
		{ED67DD83-0DA1-4823-8F56-65E927CF0EED}.Debug|Any CPU.ActiveCfg = Debug|Any CPU
		{ED67DD83-0DA1-4823-8F56-65E927CF0EED}.Debug|Any CPU.Build.0 = Debug|Any CPU
		{ED67DD83-0DA1-4823-8F56-65E927CF0EED}.Debug|x64.ActiveCfg = Debug|Any CPU
		{ED67DD83-0DA1-4823-8F56-65E927CF0EED}.Debug|x64.Build.0 = Debug|Any CPU
		{ED67DD83-0DA1-4823-8F56-65E927CF0EED}.Release|Any CPU.ActiveCfg = Release|Any CPU
		{ED67DD83-0DA1-4823-8F56-65E927CF0EED}.Release|Any CPU.Build.0 = Release|Any CPU
		{ED67DD83-0DA1-4823-8F56-65E927CF0EED}.Release|x64.ActiveCfg = Release|Any CPU
		{ED67DD83-0DA1-4823-8F56-65E927CF0EED}.Release|x64.Build.0 = Release|Any CPU
		{25A66B0B-8C46-485C-97AD-CC4CD56D0FCC}.Debug|Any CPU.ActiveCfg = Debug|Any CPU
		{25A66B0B-8C46-485C-97AD-CC4CD56D0FCC}.Debug|Any CPU.Build.0 = Debug|Any CPU
		{25A66B0B-8C46-485C-97AD-CC4CD56D0FCC}.Debug|x64.ActiveCfg = Debug|Any CPU
		{25A66B0B-8C46-485C-97AD-CC4CD56D0FCC}.Debug|x64.Build.0 = Debug|Any CPU
		{25A66B0B-8C46-485C-97AD-CC4CD56D0FCC}.Release|Any CPU.ActiveCfg = Release|Any CPU
		{25A66B0B-8C46-485C-97AD-CC4CD56D0FCC}.Release|Any CPU.Build.0 = Release|Any CPU
		{25A66B0B-8C46-485C-97AD-CC4CD56D0FCC}.Release|x64.ActiveCfg = Release|Any CPU
		{25A66B0B-8C46-485C-97AD-CC4CD56D0FCC}.Release|x64.Build.0 = Release|Any CPU
		{91848113-1615-401C-89DB-D1EFCA412EEF}.Debug|Any CPU.ActiveCfg = Debug|Any CPU
		{91848113-1615-401C-89DB-D1EFCA412EEF}.Debug|Any CPU.Build.0 = Debug|Any CPU
		{91848113-1615-401C-89DB-D1EFCA412EEF}.Debug|x64.ActiveCfg = Debug|Any CPU
		{91848113-1615-401C-89DB-D1EFCA412EEF}.Debug|x64.Build.0 = Debug|Any CPU
		{91848113-1615-401C-89DB-D1EFCA412EEF}.Release|Any CPU.ActiveCfg = Release|Any CPU
		{91848113-1615-401C-89DB-D1EFCA412EEF}.Release|Any CPU.Build.0 = Release|Any CPU
		{91848113-1615-401C-89DB-D1EFCA412EEF}.Release|x64.ActiveCfg = Release|Any CPU
		{91848113-1615-401C-89DB-D1EFCA412EEF}.Release|x64.Build.0 = Release|Any CPU
		{31A87DBB-6B73-4AA5-AE9B-B0C05A43DFE3}.Debug|Any CPU.ActiveCfg = Debug|Any CPU
		{31A87DBB-6B73-4AA5-AE9B-B0C05A43DFE3}.Debug|Any CPU.Build.0 = Debug|Any CPU
		{31A87DBB-6B73-4AA5-AE9B-B0C05A43DFE3}.Debug|x64.ActiveCfg = Debug|Any CPU
		{31A87DBB-6B73-4AA5-AE9B-B0C05A43DFE3}.Debug|x64.Build.0 = Debug|Any CPU
		{31A87DBB-6B73-4AA5-AE9B-B0C05A43DFE3}.Release|Any CPU.ActiveCfg = Release|Any CPU
		{31A87DBB-6B73-4AA5-AE9B-B0C05A43DFE3}.Release|Any CPU.Build.0 = Release|Any CPU
		{31A87DBB-6B73-4AA5-AE9B-B0C05A43DFE3}.Release|x64.ActiveCfg = Release|Any CPU
		{31A87DBB-6B73-4AA5-AE9B-B0C05A43DFE3}.Release|x64.Build.0 = Release|Any CPU
		{F68FC934-7730-472D-8D7A-888112B23DD2}.Debug|Any CPU.ActiveCfg = Debug|Any CPU
		{F68FC934-7730-472D-8D7A-888112B23DD2}.Debug|Any CPU.Build.0 = Debug|Any CPU
		{F68FC934-7730-472D-8D7A-888112B23DD2}.Debug|x64.ActiveCfg = Debug|Any CPU
		{F68FC934-7730-472D-8D7A-888112B23DD2}.Debug|x64.Build.0 = Debug|Any CPU
		{F68FC934-7730-472D-8D7A-888112B23DD2}.Release|Any CPU.ActiveCfg = Release|Any CPU
		{F68FC934-7730-472D-8D7A-888112B23DD2}.Release|Any CPU.Build.0 = Release|Any CPU
		{F68FC934-7730-472D-8D7A-888112B23DD2}.Release|x64.ActiveCfg = Release|Any CPU
		{F68FC934-7730-472D-8D7A-888112B23DD2}.Release|x64.Build.0 = Release|Any CPU
		{7730D0A7-5771-4027-A026-D50BFA62E043}.Debug|Any CPU.ActiveCfg = Debug|Any CPU
		{7730D0A7-5771-4027-A026-D50BFA62E043}.Debug|Any CPU.Build.0 = Debug|Any CPU
		{7730D0A7-5771-4027-A026-D50BFA62E043}.Debug|x64.ActiveCfg = Debug|Any CPU
		{7730D0A7-5771-4027-A026-D50BFA62E043}.Debug|x64.Build.0 = Debug|Any CPU
		{7730D0A7-5771-4027-A026-D50BFA62E043}.Release|Any CPU.ActiveCfg = Release|Any CPU
		{7730D0A7-5771-4027-A026-D50BFA62E043}.Release|Any CPU.Build.0 = Release|Any CPU
		{7730D0A7-5771-4027-A026-D50BFA62E043}.Release|x64.ActiveCfg = Release|Any CPU
		{7730D0A7-5771-4027-A026-D50BFA62E043}.Release|x64.Build.0 = Release|Any CPU
		{F3605260-5751-42BE-8A38-F003D53045BF}.Debug|Any CPU.ActiveCfg = Debug|Any CPU
		{F3605260-5751-42BE-8A38-F003D53045BF}.Debug|Any CPU.Build.0 = Debug|Any CPU
		{F3605260-5751-42BE-8A38-F003D53045BF}.Debug|x64.ActiveCfg = Debug|Any CPU
		{F3605260-5751-42BE-8A38-F003D53045BF}.Debug|x64.Build.0 = Debug|Any CPU
		{F3605260-5751-42BE-8A38-F003D53045BF}.Release|Any CPU.ActiveCfg = Release|Any CPU
		{F3605260-5751-42BE-8A38-F003D53045BF}.Release|Any CPU.Build.0 = Release|Any CPU
		{F3605260-5751-42BE-8A38-F003D53045BF}.Release|x64.ActiveCfg = Release|Any CPU
		{F3605260-5751-42BE-8A38-F003D53045BF}.Release|x64.Build.0 = Release|Any CPU
		{35F06361-9CA1-438A-8F8E-4123ED9935D6}.Debug|Any CPU.ActiveCfg = Debug|Any CPU
		{35F06361-9CA1-438A-8F8E-4123ED9935D6}.Debug|Any CPU.Build.0 = Debug|Any CPU
		{35F06361-9CA1-438A-8F8E-4123ED9935D6}.Debug|x64.ActiveCfg = Debug|Any CPU
		{35F06361-9CA1-438A-8F8E-4123ED9935D6}.Debug|x64.Build.0 = Debug|Any CPU
		{35F06361-9CA1-438A-8F8E-4123ED9935D6}.Release|Any CPU.ActiveCfg = Release|Any CPU
		{35F06361-9CA1-438A-8F8E-4123ED9935D6}.Release|Any CPU.Build.0 = Release|Any CPU
		{35F06361-9CA1-438A-8F8E-4123ED9935D6}.Release|x64.ActiveCfg = Release|Any CPU
		{35F06361-9CA1-438A-8F8E-4123ED9935D6}.Release|x64.Build.0 = Release|Any CPU
		{513D9B41-BCE7-42D6-921F-F263A50F1D5A}.Debug|Any CPU.ActiveCfg = Debug|Any CPU
		{513D9B41-BCE7-42D6-921F-F263A50F1D5A}.Debug|Any CPU.Build.0 = Debug|Any CPU
		{513D9B41-BCE7-42D6-921F-F263A50F1D5A}.Debug|x64.ActiveCfg = Debug|Any CPU
		{513D9B41-BCE7-42D6-921F-F263A50F1D5A}.Debug|x64.Build.0 = Debug|Any CPU
		{513D9B41-BCE7-42D6-921F-F263A50F1D5A}.Release|Any CPU.ActiveCfg = Release|Any CPU
		{513D9B41-BCE7-42D6-921F-F263A50F1D5A}.Release|Any CPU.Build.0 = Release|Any CPU
		{513D9B41-BCE7-42D6-921F-F263A50F1D5A}.Release|x64.ActiveCfg = Release|Any CPU
		{513D9B41-BCE7-42D6-921F-F263A50F1D5A}.Release|x64.Build.0 = Release|Any CPU
		{62B7E5CE-FEAD-4AF7-86CC-BC1823F47D86}.Debug|Any CPU.ActiveCfg = Debug|Any CPU
		{62B7E5CE-FEAD-4AF7-86CC-BC1823F47D86}.Debug|Any CPU.Build.0 = Debug|Any CPU
		{62B7E5CE-FEAD-4AF7-86CC-BC1823F47D86}.Debug|x64.ActiveCfg = Debug|Any CPU
		{62B7E5CE-FEAD-4AF7-86CC-BC1823F47D86}.Debug|x64.Build.0 = Debug|Any CPU
		{62B7E5CE-FEAD-4AF7-86CC-BC1823F47D86}.Release|Any CPU.ActiveCfg = Release|Any CPU
		{62B7E5CE-FEAD-4AF7-86CC-BC1823F47D86}.Release|Any CPU.Build.0 = Release|Any CPU
		{62B7E5CE-FEAD-4AF7-86CC-BC1823F47D86}.Release|x64.ActiveCfg = Release|Any CPU
		{62B7E5CE-FEAD-4AF7-86CC-BC1823F47D86}.Release|x64.Build.0 = Release|Any CPU
		{700CB712-7B69-4964-8B43-8DE89B233232}.Debug|Any CPU.ActiveCfg = Debug|Any CPU
		{700CB712-7B69-4964-8B43-8DE89B233232}.Debug|Any CPU.Build.0 = Debug|Any CPU
		{700CB712-7B69-4964-8B43-8DE89B233232}.Debug|x64.ActiveCfg = Debug|Any CPU
		{700CB712-7B69-4964-8B43-8DE89B233232}.Debug|x64.Build.0 = Debug|Any CPU
		{700CB712-7B69-4964-8B43-8DE89B233232}.Release|Any CPU.ActiveCfg = Release|Any CPU
		{700CB712-7B69-4964-8B43-8DE89B233232}.Release|Any CPU.Build.0 = Release|Any CPU
		{700CB712-7B69-4964-8B43-8DE89B233232}.Release|x64.ActiveCfg = Release|Any CPU
		{700CB712-7B69-4964-8B43-8DE89B233232}.Release|x64.Build.0 = Release|Any CPU
	EndGlobalSection
	GlobalSection(SolutionProperties) = preSolution
		HideSolutionNode = FALSE
	EndGlobalSection
	GlobalSection(NestedProjects) = preSolution
		{AB8B448C-DD74-4D60-A041-3E5D03A32180} = {94D4980D-3423-44A8-83AD-80150D7874BE}
		{B68D0B64-39D9-4F79-9E3C-D4CECD754424} = {94D4980D-3423-44A8-83AD-80150D7874BE}
		{53583402-F868-4195-882E-EB830A67DBFC} = {94D4980D-3423-44A8-83AD-80150D7874BE}
		{9ABF5E9F-949F-426A-9E85-6361C99AF656} = {94D4980D-3423-44A8-83AD-80150D7874BE}
		{ED67DD83-0DA1-4823-8F56-65E927CF0EED} = {94D4980D-3423-44A8-83AD-80150D7874BE}
		{25A66B0B-8C46-485C-97AD-CC4CD56D0FCC} = {94D4980D-3423-44A8-83AD-80150D7874BE}
		{91848113-1615-401C-89DB-D1EFCA412EEF} = {94D4980D-3423-44A8-83AD-80150D7874BE}
		{31A87DBB-6B73-4AA5-AE9B-B0C05A43DFE3} = {94D4980D-3423-44A8-83AD-80150D7874BE}
		{F68FC934-7730-472D-8D7A-888112B23DD2} = {94D4980D-3423-44A8-83AD-80150D7874BE}
		{7730D0A7-5771-4027-A026-D50BFA62E043} = {94D4980D-3423-44A8-83AD-80150D7874BE}
		{F3605260-5751-42BE-8A38-F003D53045BF} = {16F90E38-6C6D-4406-A5E2-E3E1B045844F}
		{35F06361-9CA1-438A-8F8E-4123ED9935D6} = {16F90E38-6C6D-4406-A5E2-E3E1B045844F}
		{513D9B41-BCE7-42D6-921F-F263A50F1D5A} = {16F90E38-6C6D-4406-A5E2-E3E1B045844F}
		{62B7E5CE-FEAD-4AF7-86CC-BC1823F47D86} = {16F90E38-6C6D-4406-A5E2-E3E1B045844F}
		{700CB712-7B69-4964-8B43-8DE89B233232} = {AD78B3ED-D673-47D8-AE4E-63F3C77AAB18}
	EndGlobalSection
	GlobalSection(ExtensibilityGlobals) = postSolution
		SolutionGuid = {045F3527-D9A9-4649-B7B3-B3BBDC186F17}
	EndGlobalSection
EndGlobal
